
Microsoft Visual Studio Solution File, Format Version 12.00
# Visual Studio 15
VisualStudioVersion = 15.0.27703.2000
MinimumVisualStudioVersion = 10.0.40219.1
Project("{FAE04EC0-301F-11D3-BF4B-00C04F79EFBC}") = "LearnSmart.Android", "LearnSmart\LearnSmart.Android\LearnSmart.Android.csproj", "{DA451F67-E84A-42EE-9B22-C70C329A5905}"
EndProject
Project("{FAE04EC0-301F-11D3-BF4B-00C04F79EFBC}") = "LearnSmart.iOS", "LearnSmart\LearnSmart.iOS\LearnSmart.iOS.csproj", "{654F919D-EF9F-438B-B78A-9DEF3275B4CB}"
EndProject
Project("{FAE04EC0-301F-11D3-BF4B-00C04F79EFBC}") = "LearnSmart", "LearnSmart\LearnSmart\LearnSmart.csproj", "{3E97A668-4863-4F9C-A670-A1AF2409EDBF}"
EndProject
Global
	GlobalSection(SolutionConfigurationPlatforms) = preSolution
		Ad-Hoc|Any CPU = Ad-Hoc|Any CPU
		Ad-Hoc|iPhone = Ad-Hoc|iPhone
		Ad-Hoc|iPhoneSimulator = Ad-Hoc|iPhoneSimulator
		AppStore|Any CPU = AppStore|Any CPU
		AppStore|iPhone = AppStore|iPhone
		AppStore|iPhoneSimulator = AppStore|iPhoneSimulator
		Debug|Any CPU = Debug|Any CPU
		Debug|iPhone = Debug|iPhone
		Debug|iPhoneSimulator = Debug|iPhoneSimulator
		Release|Any CPU = Release|Any CPU
		Release|iPhone = Release|iPhone
		Release|iPhoneSimulator = Release|iPhoneSimulator
	EndGlobalSection
	GlobalSection(ProjectConfigurationPlatforms) = postSolution
		{DA451F67-E84A-42EE-9B22-C70C329A5905}.Ad-Hoc|Any CPU.ActiveCfg = Release|Any CPU
		{DA451F67-E84A-42EE-9B22-C70C329A5905}.Ad-Hoc|Any CPU.Build.0 = Release|Any CPU
		{DA451F67-E84A-42EE-9B22-C70C329A5905}.Ad-Hoc|Any CPU.Deploy.0 = Release|Any CPU
		{DA451F67-E84A-42EE-9B22-C70C329A5905}.Ad-Hoc|iPhone.ActiveCfg = Release|Any CPU
		{DA451F67-E84A-42EE-9B22-C70C329A5905}.Ad-Hoc|iPhone.Build.0 = Release|Any CPU
		{DA451F67-E84A-42EE-9B22-C70C329A5905}.Ad-Hoc|iPhone.Deploy.0 = Release|Any CPU
		{DA451F67-E84A-42EE-9B22-C70C329A5905}.Ad-Hoc|iPhoneSimulator.ActiveCfg = Release|Any CPU
		{DA451F67-E84A-42EE-9B22-C70C329A5905}.Ad-Hoc|iPhoneSimulator.Build.0 = Release|Any CPU
		{DA451F67-E84A-42EE-9B22-C70C329A5905}.Ad-Hoc|iPhoneSimulator.Deploy.0 = Release|Any CPU
		{DA451F67-E84A-42EE-9B22-C70C329A5905}.AppStore|Any CPU.ActiveCfg = Release|Any CPU
		{DA451F67-E84A-42EE-9B22-C70C329A5905}.AppStore|Any CPU.Build.0 = Release|Any CPU
		{DA451F67-E84A-42EE-9B22-C70C329A5905}.AppStore|Any CPU.Deploy.0 = Release|Any CPU
		{DA451F67-E84A-42EE-9B22-C70C329A5905}.AppStore|iPhone.ActiveCfg = Release|Any CPU
		{DA451F67-E84A-42EE-9B22-C70C329A5905}.AppStore|iPhone.Build.0 = Release|Any CPU
		{DA451F67-E84A-42EE-9B22-C70C329A5905}.AppStore|iPhone.Deploy.0 = Release|Any CPU
		{DA451F67-E84A-42EE-9B22-C70C329A5905}.AppStore|iPhoneSimulator.ActiveCfg = Release|Any CPU
		{DA451F67-E84A-42EE-9B22-C70C329A5905}.AppStore|iPhoneSimulator.Build.0 = Release|Any CPU
		{DA451F67-E84A-42EE-9B22-C70C329A5905}.AppStore|iPhoneSimulator.Deploy.0 = Release|Any CPU
		{DA451F67-E84A-42EE-9B22-C70C329A5905}.Debug|Any CPU.ActiveCfg = Debug|Any CPU
		{DA451F67-E84A-42EE-9B22-C70C329A5905}.Debug|Any CPU.Build.0 = Debug|Any CPU
		{DA451F67-E84A-42EE-9B22-C70C329A5905}.Debug|Any CPU.Deploy.0 = Debug|Any CPU
		{DA451F67-E84A-42EE-9B22-C70C329A5905}.Debug|iPhone.ActiveCfg = Debug|Any CPU
		{DA451F67-E84A-42EE-9B22-C70C329A5905}.Debug|iPhone.Build.0 = Debug|Any CPU
		{DA451F67-E84A-42EE-9B22-C70C329A5905}.Debug|iPhone.Deploy.0 = Debug|Any CPU
		{DA451F67-E84A-42EE-9B22-C70C329A5905}.Debug|iPhoneSimulator.ActiveCfg = Debug|Any CPU
		{DA451F67-E84A-42EE-9B22-C70C329A5905}.Debug|iPhoneSimulator.Build.0 = Debug|Any CPU
		{DA451F67-E84A-42EE-9B22-C70C329A5905}.Debug|iPhoneSimulator.Deploy.0 = Debug|Any CPU
		{DA451F67-E84A-42EE-9B22-C70C329A5905}.Release|Any CPU.ActiveCfg = Release|Any CPU
		{DA451F67-E84A-42EE-9B22-C70C329A5905}.Release|Any CPU.Build.0 = Release|Any CPU
		{DA451F67-E84A-42EE-9B22-C70C329A5905}.Release|Any CPU.Deploy.0 = Release|Any CPU
		{DA451F67-E84A-42EE-9B22-C70C329A5905}.Release|iPhone.ActiveCfg = Release|Any CPU
		{DA451F67-E84A-42EE-9B22-C70C329A5905}.Release|iPhone.Build.0 = Release|Any CPU
		{DA451F67-E84A-42EE-9B22-C70C329A5905}.Release|iPhone.Deploy.0 = Release|Any CPU
		{DA451F67-E84A-42EE-9B22-C70C329A5905}.Release|iPhoneSimulator.ActiveCfg = Release|Any CPU
		{DA451F67-E84A-42EE-9B22-C70C329A5905}.Release|iPhoneSimulator.Build.0 = Release|Any CPU
		{DA451F67-E84A-42EE-9B22-C70C329A5905}.Release|iPhoneSimulator.Deploy.0 = Release|Any CPU
		{654F919D-EF9F-438B-B78A-9DEF3275B4CB}.Ad-Hoc|Any CPU.ActiveCfg = Ad-Hoc|iPhone
		{654F919D-EF9F-438B-B78A-9DEF3275B4CB}.Ad-Hoc|Any CPU.Build.0 = Ad-Hoc|iPhone
		{654F919D-EF9F-438B-B78A-9DEF3275B4CB}.Ad-Hoc|Any CPU.Deploy.0 = Ad-Hoc|iPhone
		{654F919D-EF9F-438B-B78A-9DEF3275B4CB}.Ad-Hoc|iPhone.ActiveCfg = Ad-Hoc|iPhone
		{654F919D-EF9F-438B-B78A-9DEF3275B4CB}.Ad-Hoc|iPhone.Build.0 = Ad-Hoc|iPhone
		{654F919D-EF9F-438B-B78A-9DEF3275B4CB}.Ad-Hoc|iPhone.Deploy.0 = Ad-Hoc|iPhone
		{654F919D-EF9F-438B-B78A-9DEF3275B4CB}.Ad-Hoc|iPhoneSimulator.ActiveCfg = Ad-Hoc|iPhoneSimulator
		{654F919D-EF9F-438B-B78A-9DEF3275B4CB}.Ad-Hoc|iPhoneSimulator.Build.0 = Ad-Hoc|iPhoneSimulator
		{654F919D-EF9F-438B-B78A-9DEF3275B4CB}.Ad-Hoc|iPhoneSimulator.Deploy.0 = Ad-Hoc|iPhoneSimulator
		{654F919D-EF9F-438B-B78A-9DEF3275B4CB}.AppStore|Any CPU.ActiveCfg = AppStore|iPhone
		{654F919D-EF9F-438B-B78A-9DEF3275B4CB}.AppStore|Any CPU.Build.0 = AppStore|iPhone
		{654F919D-EF9F-438B-B78A-9DEF3275B4CB}.AppStore|Any CPU.Deploy.0 = AppStore|iPhone
		{654F919D-EF9F-438B-B78A-9DEF3275B4CB}.AppStore|iPhone.ActiveCfg = AppStore|iPhone
		{654F919D-EF9F-438B-B78A-9DEF3275B4CB}.AppStore|iPhone.Build.0 = AppStore|iPhone
		{654F919D-EF9F-438B-B78A-9DEF3275B4CB}.AppStore|iPhone.Deploy.0 = AppStore|iPhone
		{654F919D-EF9F-438B-B78A-9DEF3275B4CB}.AppStore|iPhoneSimulator.ActiveCfg = AppStore|iPhoneSimulator
		{654F919D-EF9F-438B-B78A-9DEF3275B4CB}.AppStore|iPhoneSimulator.Build.0 = AppStore|iPhoneSimulator
		{654F919D-EF9F-438B-B78A-9DEF3275B4CB}.AppStore|iPhoneSimulator.Deploy.0 = AppStore|iPhoneSimulator
		{654F919D-EF9F-438B-B78A-9DEF3275B4CB}.Debug|Any CPU.ActiveCfg = Debug|iPhoneSimulator
		{654F919D-EF9F-438B-B78A-9DEF3275B4CB}.Debug|Any CPU.Build.0 = Debug|iPhoneSimulator
		{654F919D-EF9F-438B-B78A-9DEF3275B4CB}.Debug|Any CPU.Deploy.0 = Debug|iPhoneSimulator
		{654F919D-EF9F-438B-B78A-9DEF3275B4CB}.Debug|iPhone.ActiveCfg = Debug|iPhone
		{654F919D-EF9F-438B-B78A-9DEF3275B4CB}.Debug|iPhone.Build.0 = Debug|iPhone
		{654F919D-EF9F-438B-B78A-9DEF3275B4CB}.Debug|iPhone.Deploy.0 = Debug|iPhone
		{654F919D-EF9F-438B-B78A-9DEF3275B4CB}.Debug|iPhoneSimulator.ActiveCfg = Debug|iPhoneSimulator
		{654F919D-EF9F-438B-B78A-9DEF3275B4CB}.Debug|iPhoneSimulator.Build.0 = Debug|iPhoneSimulator
		{654F919D-EF9F-438B-B78A-9DEF3275B4CB}.Debug|iPhoneSimulator.Deploy.0 = Debug|iPhoneSimulator
		{654F919D-EF9F-438B-B78A-9DEF3275B4CB}.Release|Any CPU.ActiveCfg = Release|iPhone
		{654F919D-EF9F-438B-B78A-9DEF3275B4CB}.Release|Any CPU.Build.0 = Release|iPhone
		{654F919D-EF9F-438B-B78A-9DEF3275B4CB}.Release|Any CPU.Deploy.0 = Release|iPhone
		{654F919D-EF9F-438B-B78A-9DEF3275B4CB}.Release|iPhone.ActiveCfg = Release|iPhone
		{654F919D-EF9F-438B-B78A-9DEF3275B4CB}.Release|iPhone.Build.0 = Release|iPhone
		{654F919D-EF9F-438B-B78A-9DEF3275B4CB}.Release|iPhone.Deploy.0 = Release|iPhone
		{654F919D-EF9F-438B-B78A-9DEF3275B4CB}.Release|iPhoneSimulator.ActiveCfg = Release|iPhoneSimulator
		{654F919D-EF9F-438B-B78A-9DEF3275B4CB}.Release|iPhoneSimulator.Build.0 = Release|iPhoneSimulator
		{654F919D-EF9F-438B-B78A-9DEF3275B4CB}.Release|iPhoneSimulator.Deploy.0 = Release|iPhoneSimulator
		{3E97A668-4863-4F9C-A670-A1AF2409EDBF}.Ad-Hoc|Any CPU.ActiveCfg = Debug|Any CPU
		{3E97A668-4863-4F9C-A670-A1AF2409EDBF}.Ad-Hoc|Any CPU.Build.0 = Debug|Any CPU
		{3E97A668-4863-4F9C-A670-A1AF2409EDBF}.Ad-Hoc|Any CPU.Deploy.0 = Debug|Any CPU
		{3E97A668-4863-4F9C-A670-A1AF2409EDBF}.Ad-Hoc|iPhone.ActiveCfg = Debug|Any CPU
		{3E97A668-4863-4F9C-A670-A1AF2409EDBF}.Ad-Hoc|iPhone.Build.0 = Debug|Any CPU
		{3E97A668-4863-4F9C-A670-A1AF2409EDBF}.Ad-Hoc|iPhone.Deploy.0 = Debug|Any CPU
		{3E97A668-4863-4F9C-A670-A1AF2409EDBF}.Ad-Hoc|iPhoneSimulator.ActiveCfg = Debug|Any CPU
		{3E97A668-4863-4F9C-A670-A1AF2409EDBF}.Ad-Hoc|iPhoneSimulator.Build.0 = Debug|Any CPU
		{3E97A668-4863-4F9C-A670-A1AF2409EDBF}.Ad-Hoc|iPhoneSimulator.Deploy.0 = Debug|Any CPU
		{3E97A668-4863-4F9C-A670-A1AF2409EDBF}.AppStore|Any CPU.ActiveCfg = Debug|Any CPU
		{3E97A668-4863-4F9C-A670-A1AF2409EDBF}.AppStore|Any CPU.Build.0 = Debug|Any CPU
		{3E97A668-4863-4F9C-A670-A1AF2409EDBF}.AppStore|Any CPU.Deploy.0 = Debug|Any CPU
		{3E97A668-4863-4F9C-A670-A1AF2409EDBF}.AppStore|iPhone.ActiveCfg = Debug|Any CPU
		{3E97A668-4863-4F9C-A670-A1AF2409EDBF}.AppStore|iPhone.Build.0 = Debug|Any CPU
		{3E97A668-4863-4F9C-A670-A1AF2409EDBF}.AppStore|iPhone.Deploy.0 = Debug|Any CPU
		{3E97A668-4863-4F9C-A670-A1AF2409EDBF}.AppStore|iPhoneSimulator.ActiveCfg = Debug|Any CPU
		{3E97A668-4863-4F9C-A670-A1AF2409EDBF}.AppStore|iPhoneSimulator.Build.0 = Debug|Any CPU
		{3E97A668-4863-4F9C-A670-A1AF2409EDBF}.AppStore|iPhoneSimulator.Deploy.0 = Debug|Any CPU
		{3E97A668-4863-4F9C-A670-A1AF2409EDBF}.Debug|Any CPU.ActiveCfg = Debug|Any CPU
		{3E97A668-4863-4F9C-A670-A1AF2409EDBF}.Debug|Any CPU.Build.0 = Debug|Any CPU
		{3E97A668-4863-4F9C-A670-A1AF2409EDBF}.Debug|Any CPU.Deploy.0 = Debug|Any CPU
		{3E97A668-4863-4F9C-A670-A1AF2409EDBF}.Debug|iPhone.ActiveCfg = Debug|Any CPU
		{3E97A668-4863-4F9C-A670-A1AF2409EDBF}.Debug|iPhone.Build.0 = Debug|Any CPU
		{3E97A668-4863-4F9C-A670-A1AF2409EDBF}.Debug|iPhone.Deploy.0 = Debug|Any CPU
		{3E97A668-4863-4F9C-A670-A1AF2409EDBF}.Debug|iPhoneSimulator.ActiveCfg = Debug|Any CPU
		{3E97A668-4863-4F9C-A670-A1AF2409EDBF}.Debug|iPhoneSimulator.Build.0 = Debug|Any CPU
		{3E97A668-4863-4F9C-A670-A1AF2409EDBF}.Debug|iPhoneSimulator.Deploy.0 = Debug|Any CPU
		{3E97A668-4863-4F9C-A670-A1AF2409EDBF}.Release|Any CPU.ActiveCfg = Release|Any CPU
		{3E97A668-4863-4F9C-A670-A1AF2409EDBF}.Release|Any CPU.Build.0 = Release|Any CPU
		{3E97A668-4863-4F9C-A670-A1AF2409EDBF}.Release|Any CPU.Deploy.0 = Release|Any CPU
		{3E97A668-4863-4F9C-A670-A1AF2409EDBF}.Release|iPhone.ActiveCfg = Release|Any CPU
		{3E97A668-4863-4F9C-A670-A1AF2409EDBF}.Release|iPhone.Build.0 = Release|Any CPU
		{3E97A668-4863-4F9C-A670-A1AF2409EDBF}.Release|iPhone.Deploy.0 = Release|Any CPU
		{3E97A668-4863-4F9C-A670-A1AF2409EDBF}.Release|iPhoneSimulator.ActiveCfg = Release|Any CPU
		{3E97A668-4863-4F9C-A670-A1AF2409EDBF}.Release|iPhoneSimulator.Build.0 = Release|Any CPU
		{3E97A668-4863-4F9C-A670-A1AF2409EDBF}.Release|iPhoneSimulator.Deploy.0 = Release|Any CPU
	EndGlobalSection
	GlobalSection(SolutionProperties) = preSolution
		HideSolutionNode = FALSE
	EndGlobalSection
	GlobalSection(ExtensibilityGlobals) = postSolution
		SolutionGuid = {4DBF3868-5474-4AE1-8E91-0D3A5BFB38A5}
	EndGlobalSection
EndGlobal
